
Microsoft Visual Studio Solution File, Format Version 12.00
# Visual Studio 15
VisualStudioVersion = 15.0.26430.14
MinimumVisualStudioVersion = 10.0.40219.1
Project("{FAE04EC0-301F-11D3-BF4B-00C04F79EFBC}") = "GeoLocServer", "GeoLocServer\GeoLocServer.csproj", "{7FD677A6-D512-4520-8A43-B4ADE8415A2A}"
EndProject
Project("{FAE04EC0-301F-11D3-BF4B-00C04F79EFBC}") = "objects", "objects\objects.csproj", "{E7F5EF68-5465-4809-8B00-8E9F97635C06}"
EndProject
Project("{FAE04EC0-301F-11D3-BF4B-00C04F79EFBC}") = "DataForwarder", "DataForwarder\DataForwarder.csproj", "{2E14AE24-7364-4105-9355-4A44378D2888}"
EndProject
Global
	GlobalSection(SolutionConfigurationPlatforms) = preSolution
		Debug|.NET = Debug|.NET
		Debug|Any CPU = Debug|Any CPU
		Debug|Mixed Platforms = Debug|Mixed Platforms
		Release|.NET = Release|.NET
		Release|Any CPU = Release|Any CPU
		Release|Mixed Platforms = Release|Mixed Platforms
	EndGlobalSection
	GlobalSection(ProjectConfigurationPlatforms) = postSolution
		{7FD677A6-D512-4520-8A43-B4ADE8415A2A}.Debug|.NET.ActiveCfg = Debug|Any CPU
		{7FD677A6-D512-4520-8A43-B4ADE8415A2A}.Debug|Any CPU.ActiveCfg = Debug|Any CPU
		{7FD677A6-D512-4520-8A43-B4ADE8415A2A}.Debug|Any CPU.Build.0 = Debug|Any CPU
		{7FD677A6-D512-4520-8A43-B4ADE8415A2A}.Debug|Mixed Platforms.ActiveCfg = Debug|Any CPU
		{7FD677A6-D512-4520-8A43-B4ADE8415A2A}.Debug|Mixed Platforms.Build.0 = Debug|Any CPU
		{7FD677A6-D512-4520-8A43-B4ADE8415A2A}.Release|.NET.ActiveCfg = Release|Any CPU
		{7FD677A6-D512-4520-8A43-B4ADE8415A2A}.Release|Any CPU.ActiveCfg = Release|Any CPU
		{7FD677A6-D512-4520-8A43-B4ADE8415A2A}.Release|Any CPU.Build.0 = Release|Any CPU
		{7FD677A6-D512-4520-8A43-B4ADE8415A2A}.Release|Mixed Platforms.ActiveCfg = Release|Any CPU
		{7FD677A6-D512-4520-8A43-B4ADE8415A2A}.Release|Mixed Platforms.Build.0 = Release|Any CPU
		{E7F5EF68-5465-4809-8B00-8E9F97635C06}.Debug|.NET.ActiveCfg = Debug|Any CPU
		{E7F5EF68-5465-4809-8B00-8E9F97635C06}.Debug|Any CPU.ActiveCfg = Debug|Any CPU
		{E7F5EF68-5465-4809-8B00-8E9F97635C06}.Debug|Any CPU.Build.0 = Debug|Any CPU
		{E7F5EF68-5465-4809-8B00-8E9F97635C06}.Debug|Mixed Platforms.ActiveCfg = Debug|Any CPU
		{E7F5EF68-5465-4809-8B00-8E9F97635C06}.Debug|Mixed Platforms.Build.0 = Debug|Any CPU
		{E7F5EF68-5465-4809-8B00-8E9F97635C06}.Release|.NET.ActiveCfg = Release|Any CPU
		{E7F5EF68-5465-4809-8B00-8E9F97635C06}.Release|Any CPU.ActiveCfg = Release|Any CPU
		{E7F5EF68-5465-4809-8B00-8E9F97635C06}.Release|Any CPU.Build.0 = Release|Any CPU
		{E7F5EF68-5465-4809-8B00-8E9F97635C06}.Release|Mixed Platforms.ActiveCfg = Release|Any CPU
		{E7F5EF68-5465-4809-8B00-8E9F97635C06}.Release|Mixed Platforms.Build.0 = Release|Any CPU
		{2E14AE24-7364-4105-9355-4A44378D2888}.Debug|.NET.ActiveCfg = Debug|Any CPU
		{2E14AE24-7364-4105-9355-4A44378D2888}.Debug|.NET.Build.0 = Debug|Any CPU
		{2E14AE24-7364-4105-9355-4A44378D2888}.Debug|Any CPU.ActiveCfg = Debug|Any CPU
		{2E14AE24-7364-4105-9355-4A44378D2888}.Debug|Any CPU.Build.0 = Debug|Any CPU
		{2E14AE24-7364-4105-9355-4A44378D2888}.Debug|Mixed Platforms.ActiveCfg = Debug|Any CPU
		{2E14AE24-7364-4105-9355-4A44378D2888}.Debug|Mixed Platforms.Build.0 = Debug|Any CPU
		{2E14AE24-7364-4105-9355-4A44378D2888}.Release|.NET.ActiveCfg = Release|Any CPU
		{2E14AE24-7364-4105-9355-4A44378D2888}.Release|.NET.Build.0 = Release|Any CPU
		{2E14AE24-7364-4105-9355-4A44378D2888}.Release|Any CPU.ActiveCfg = Release|Any CPU
		{2E14AE24-7364-4105-9355-4A44378D2888}.Release|Any CPU.Build.0 = Release|Any CPU
		{2E14AE24-7364-4105-9355-4A44378D2888}.Release|Mixed Platforms.ActiveCfg = Release|Any CPU
		{2E14AE24-7364-4105-9355-4A44378D2888}.Release|Mixed Platforms.Build.0 = Release|Any CPU
	EndGlobalSection
	GlobalSection(SolutionProperties) = preSolution
		HideSolutionNode = FALSE
	EndGlobalSection
EndGlobal
